{
	"name": "verifyPassword",
	"version": "1.0.0",
	"lockfileVersion": 1,
	"requires": true,
	"dependencies": {
		"response": {
			"version": "file:../common/response"
		},
		"uni-config-center": {
			"version": "file:../../../uni_modules/uni-config-center/uniCloud/cloudfunctions/common/uni-config-center"
		}
	}
}
